
Microsoft Visual Studio Solution File, Format Version 12.00
# Visual Studio Version 16
VisualStudioVersion = 16.0.30204.135
MinimumVisualStudioVersion = 10.0.40219.1
Project("{FAE04EC0-301F-11D3-BF4B-00C04F79EFBC}") = "ConsoleApp", "ConsoleApp\ConsoleApp.csproj", "{3599B6B9-7D2F-48D2-B1B1-19B8CFBE4F94}"
EndProject
Project("{FAE04EC0-301F-11D3-BF4B-00C04F79EFBC}") = "AttributeLib", "AttributeClass\AttributeLib.csproj", "{50318601-D71F-4B25-8301-9B427C72375D}"
EndProject
Project("{FAE04EC0-301F-11D3-BF4B-00C04F79EFBC}") = "ModelLib", "ModelLib\ModelLib.csproj", "{6BCC362D-9319-4B73-A121-C09B6C94116D}"
EndProject
Project("{FAE04EC0-301F-11D3-BF4B-00C04F79EFBC}") = "InterfaceLib", "InterfaceLib\InterfaceLib.csproj", "{04ACC0EA-ABCF-4194-9821-AB1CA14FFDF6}"
EndProject
Project("{FAE04EC0-301F-11D3-BF4B-00C04F79EFBC}") = "AbstractLib", "AbstractLib\AbstractLib.csproj", "{B4DA96F1-E673-4D8B-9FAC-E3DC161DC4CC}"
EndProject
Project("{2150E333-8FDC-42A3-9474-1A3956D46DE8}") = "Doc", "Doc", "{14F105EF-F72B-4CB4-9886-7EAC1E4EF3DB}"
	ProjectSection(SolutionItems) = preProject
		Doc\说明.txt = Doc\说明.txt
	EndProjectSection
EndProject
Project("{FAE04EC0-301F-11D3-BF4B-00C04F79EFBC}") = "ExtendLib", "ExtendLib\ExtendLib.csproj", "{375BCBC1-AF9D-4DAC-A55E-15585A23BC23}"
EndProject
Project("{FAE04EC0-301F-11D3-BF4B-00C04F79EFBC}") = "Reflection", "Reflection\Reflection.csproj", "{20A6C7A9-B099-464C-8BA6-954D2A02A343}"
EndProject
Project("{FAE04EC0-301F-11D3-BF4B-00C04F79EFBC}") = "GenericLib", "Generic\GenericLib.csproj", "{6E4ED1C2-9751-4DDE-A49C-2819AFD29D05}"
EndProject
Project("{FAE04EC0-301F-11D3-BF4B-00C04F79EFBC}") = "ExpressionLib", "ExpressionLib\ExpressionLib.csproj", "{CD817F13-569A-4390-B9AD-864CB079EDB5}"
EndProject
Project("{2150E333-8FDC-42A3-9474-1A3956D46DE8}") = "Tool", "Tool", "{174AEC4C-7ED6-451D-B20B-6E0CDAAB974C}"
EndProject
Project("{FAE04EC0-301F-11D3-BF4B-00C04F79EFBC}") = "IOSerialize", "IOSerialize\IOSerialize.csproj", "{B9692DB6-9C23-4C46-9E39-FFEE1770946E}"
EndProject
Project("{FAE04EC0-301F-11D3-BF4B-00C04F79EFBC}") = "Thirdlibrary", "Tool\Thirdlibrary\Thirdlibrary.csproj", "{159A67AD-9372-4A95-A9B8-FD15C59A7AB0}"
EndProject
Project("{FAE04EC0-301F-11D3-BF4B-00C04F79EFBC}") = "ExampleLib", "Tool\ExampleLib\ExampleLib.csproj", "{449E5D49-B46A-40BB-9FB3-12589123F450}"
EndProject
Project("{FAE04EC0-301F-11D3-BF4B-00C04F79EFBC}") = "RegexApp", "Tool\RegexApp\RegexApp.csproj", "{5785129A-79DC-4E9B-A43B-BE6E18FE65B2}"
EndProject
Project("{FAE04EC0-301F-11D3-BF4B-00C04F79EFBC}") = "TesseractApp", "Tool\TesseractApp\TesseractApp.csproj", "{B9C9B4EF-4AE9-4BCB-BEBC-BE34B5765F4F}"
EndProject
Project("{FAE04EC0-301F-11D3-BF4B-00C04F79EFBC}") = "CameraApp", "Tool\CameraApp\CameraApp.csproj", "{5F9E36BF-5B96-45C9-A833-1592644BC213}"
EndProject
Project("{2150E333-8FDC-42A3-9474-1A3956D46DE8}") = "CloudCode", "CloudCode", "{815D80F1-40C8-4F48-B771-E30521841EE5}"
EndProject
Project("{FAE04EC0-301F-11D3-BF4B-00C04F79EFBC}") = "DependencyInjection", "CloudCode\DependencyInjection\DependencyInjection.csproj", "{60930B0F-BABA-48F8-ABD8-EC926156C83A}"
EndProject
Project("{2150E333-8FDC-42A3-9474-1A3956D46DE8}") = "Mqtt", "Mqtt", "{8571F3F1-8341-4ED5-957B-2526B94AACEF}"
EndProject
Project("{FAE04EC0-301F-11D3-BF4B-00C04F79EFBC}") = "MqttConsole", "Mqtt\MqttConsole\MqttConsole.csproj", "{3FBE5988-4DB9-41CE-A9A9-B41B37CEC184}"
EndProject
Project("{FAE04EC0-301F-11D3-BF4B-00C04F79EFBC}") = "Paho.MqttDotnet", "Mqtt\Paho.MqttDotnet\Paho.MqttDonet\Paho.MqttDotnet.csproj", "{95F16B8E-FDE5-4770-BF1D-07D9915C00C0}"
EndProject
Project("{FAE04EC0-301F-11D3-BF4B-00C04F79EFBC}") = "Mqtt.NetWorking", "Mqtt\Mqtt.NetWorking\Mqtt.NetWorking.csproj", "{9A22B208-94DC-4FA8-B455-12257E37B698}"
EndProject
Project("{FAE04EC0-301F-11D3-BF4B-00C04F79EFBC}") = "Mqtt.Common", "Mqtt\Mqtt.Common\Mqtt.Common.csproj", "{50ACC3A4-C741-42E6-B2CC-A7134884CA7F}"
EndProject
Project("{FAE04EC0-301F-11D3-BF4B-00C04F79EFBC}") = "Mqtt.Redis", "Mqtt\Mqtt.Redis\Mqtt.Redis.csproj", "{19D131E2-C77C-422B-9559-739FAF6293C2}"
EndProject
Project("{FAE04EC0-301F-11D3-BF4B-00C04F79EFBC}") = "PlugsLib", "PlugsLib\PlugsLib.csproj", "{7C228D04-E2A6-4028-9C74-C1C5EA381715}"
EndProject
Project("{FAE04EC0-301F-11D3-BF4B-00C04F79EFBC}") = "Observable", "Observable\Observable.csproj", "{7D2410D0-DBBD-4556-815A-F58BAF9C19FC}"
EndProject
Project("{FAE04EC0-301F-11D3-BF4B-00C04F79EFBC}") = "MqMiddleware", "MqMiddleware\MqMiddleware.csproj", "{C47AC318-A34B-4F6B-AC63-81E64D211DE0}"
EndProject
Project("{9A19103F-16F7-4668-BE54-9A1E7A4F7556}") = "TaskLib", "TaskLib\TaskLib.csproj", "{A74EA370-1E0D-460F-8AF0-09381698993B}"
EndProject
Project("{9A19103F-16F7-4668-BE54-9A1E7A4F7556}") = "DeveloperMode", "DeveloperMode\DeveloperMode.csproj", "{EE8BA558-23C2-4AEE-9AC2-014FE80FAF97}"
EndProject
Project("{2150E333-8FDC-42A3-9474-1A3956D46DE8}") = "CustomTcp", "CustomTcp", "{CE2EE0D2-6946-4E63-B767-5862938691F8}"
EndProject
Project("{9A19103F-16F7-4668-BE54-9A1E7A4F7556}") = "TCPServer", "CustomTcp\TCPServer\TCPServer.csproj", "{34242C17-666A-425F-9038-95387D8E7C41}"
EndProject
Project("{9A19103F-16F7-4668-BE54-9A1E7A4F7556}") = "TCPClient", "CustomTcp\TCPClient\TCPClient.csproj", "{4ADA67E2-6AD9-4E57-A03E-FB09EB3D0AC6}"
EndProject
Project("{9A19103F-16F7-4668-BE54-9A1E7A4F7556}") = "SocketLib", "CustomTcp\SocketLib\SocketLib.csproj", "{E9C7617C-6B77-4F89-A0CF-9FC5E7B042F7}"
EndProject
Project("{FAE04EC0-301F-11D3-BF4B-00C04F79EFBC}") = "MultiTaskAsync", "Tool\MultiTaskAsync\MultiTaskAsync.csproj", "{BE303903-1C20-46EA-A1E1-3E4D587FCD4C}"
EndProject
Project("{FAE04EC0-301F-11D3-BF4B-00C04F79EFBC}") = "ArcSoftFace", "Tool\ArcSoftFace\ArcSoftFace.csproj", "{5E201B09-B51B-4DE6-92B9-76BEBEEA7CE6}"
EndProject
Project("{FAE04EC0-301F-11D3-BF4B-00C04F79EFBC}") = "FileSync", "Tool\FileSync\FileSync.csproj", "{2B1A4D3E-9ECA-49BE-9FB8-22302B022CC0}"
EndProject
Project("{FAE04EC0-301F-11D3-BF4B-00C04F79EFBC}") = "AlarmClock", "Tool\AlarmClock\AlarmClock.csproj", "{149BE965-4761-4912-992E-8CB004774B31}"
EndProject
Project("{FAE04EC0-301F-11D3-BF4B-00C04F79EFBC}") = "QueryMachine", "Tool\QueryMachine\QueryMachine.csproj", "{AFD97364-336F-4AED-9638-94C1C21D0C5D}"
EndProject
Project("{2150E333-8FDC-42A3-9474-1A3956D46DE8}") = "Test", "Test", "{D86FC090-64CD-4E92-9481-7E7503DF4510}"
EndProject
Project("{FAE04EC0-301F-11D3-BF4B-00C04F79EFBC}") = "BenchmarkTest", "Test\BenchmarkTest\BenchmarkTest.csproj", "{3CEE7E07-8A4F-4D4E-A458-901C5D002013}"
EndProject
Project("{FAE04EC0-301F-11D3-BF4B-00C04F79EFBC}") = "BackupsZip", "Tool\BackupsZip\BackupsZip.csproj", "{17281020-14A8-4A58-AC23-8B1CBA9C8D18}"
EndProject
Project("{9A19103F-16F7-4668-BE54-9A1E7A4F7556}") = "FileDeletes", "Tool\FileDeletes\FileDeletes.csproj", "{9E16BCEF-2440-46B0-AF2E-0E726AF9FC86}"
EndProject
Project("{2150E333-8FDC-42A3-9474-1A3956D46DE8}") = "NetCore", "NetCore", "{61A31766-C1F9-49FC-82AB-0533A43BB613}"
EndProject
Project("{9A19103F-16F7-4668-BE54-9A1E7A4F7556}") = "ConsoleApp", "..\..\学习资料\GitHub\netCore\ConsoleApp\ConsoleApp.csproj", "{EFE595FC-938B-4BC7-B1BF-772309325524}"
EndProject
Global
	GlobalSection(SolutionConfigurationPlatforms) = preSolution
		Debug|Any CPU = Debug|Any CPU
		Debug|x64 = Debug|x64
		Debug|x86 = Debug|x86
		Release|Any CPU = Release|Any CPU
		Release|x64 = Release|x64
		Release|x86 = Release|x86
	EndGlobalSection
	GlobalSection(ProjectConfigurationPlatforms) = postSolution
		{3599B6B9-7D2F-48D2-B1B1-19B8CFBE4F94}.Debug|Any CPU.ActiveCfg = Debug|Any CPU
		{3599B6B9-7D2F-48D2-B1B1-19B8CFBE4F94}.Debug|Any CPU.Build.0 = Debug|Any CPU
		{3599B6B9-7D2F-48D2-B1B1-19B8CFBE4F94}.Debug|x64.ActiveCfg = Debug|Any CPU
		{3599B6B9-7D2F-48D2-B1B1-19B8CFBE4F94}.Debug|x64.Build.0 = Debug|Any CPU
		{3599B6B9-7D2F-48D2-B1B1-19B8CFBE4F94}.Debug|x86.ActiveCfg = Debug|Any CPU
		{3599B6B9-7D2F-48D2-B1B1-19B8CFBE4F94}.Release|Any CPU.ActiveCfg = Release|Any CPU
		{3599B6B9-7D2F-48D2-B1B1-19B8CFBE4F94}.Release|Any CPU.Build.0 = Release|Any CPU
		{3599B6B9-7D2F-48D2-B1B1-19B8CFBE4F94}.Release|x64.ActiveCfg = Release|Any CPU
		{3599B6B9-7D2F-48D2-B1B1-19B8CFBE4F94}.Release|x64.Build.0 = Release|Any CPU
		{3599B6B9-7D2F-48D2-B1B1-19B8CFBE4F94}.Release|x86.ActiveCfg = Release|Any CPU
		{50318601-D71F-4B25-8301-9B427C72375D}.Debug|Any CPU.ActiveCfg = Debug|Any CPU
		{50318601-D71F-4B25-8301-9B427C72375D}.Debug|Any CPU.Build.0 = Debug|Any CPU
		{50318601-D71F-4B25-8301-9B427C72375D}.Debug|x64.ActiveCfg = Debug|Any CPU
		{50318601-D71F-4B25-8301-9B427C72375D}.Debug|x64.Build.0 = Debug|Any CPU
		{50318601-D71F-4B25-8301-9B427C72375D}.Debug|x86.ActiveCfg = Debug|Any CPU
		{50318601-D71F-4B25-8301-9B427C72375D}.Release|Any CPU.ActiveCfg = Release|Any CPU
		{50318601-D71F-4B25-8301-9B427C72375D}.Release|Any CPU.Build.0 = Release|Any CPU
		{50318601-D71F-4B25-8301-9B427C72375D}.Release|x64.ActiveCfg = Release|Any CPU
		{50318601-D71F-4B25-8301-9B427C72375D}.Release|x64.Build.0 = Release|Any CPU
		{50318601-D71F-4B25-8301-9B427C72375D}.Release|x86.ActiveCfg = Release|Any CPU
		{6BCC362D-9319-4B73-A121-C09B6C94116D}.Debug|Any CPU.ActiveCfg = Debug|Any CPU
		{6BCC362D-9319-4B73-A121-C09B6C94116D}.Debug|Any CPU.Build.0 = Debug|Any CPU
		{6BCC362D-9319-4B73-A121-C09B6C94116D}.Debug|x64.ActiveCfg = Debug|Any CPU
		{6BCC362D-9319-4B73-A121-C09B6C94116D}.Debug|x64.Build.0 = Debug|Any CPU
		{6BCC362D-9319-4B73-A121-C09B6C94116D}.Debug|x86.ActiveCfg = Debug|Any CPU
		{6BCC362D-9319-4B73-A121-C09B6C94116D}.Release|Any CPU.ActiveCfg = Release|Any CPU
		{6BCC362D-9319-4B73-A121-C09B6C94116D}.Release|Any CPU.Build.0 = Release|Any CPU
		{6BCC362D-9319-4B73-A121-C09B6C94116D}.Release|x64.ActiveCfg = Release|Any CPU
		{6BCC362D-9319-4B73-A121-C09B6C94116D}.Release|x64.Build.0 = Release|Any CPU
		{6BCC362D-9319-4B73-A121-C09B6C94116D}.Release|x86.ActiveCfg = Release|Any CPU
		{04ACC0EA-ABCF-4194-9821-AB1CA14FFDF6}.Debug|Any CPU.ActiveCfg = Debug|Any CPU
		{04ACC0EA-ABCF-4194-9821-AB1CA14FFDF6}.Debug|Any CPU.Build.0 = Debug|Any CPU
		{04ACC0EA-ABCF-4194-9821-AB1CA14FFDF6}.Debug|x64.ActiveCfg = Debug|Any CPU
		{04ACC0EA-ABCF-4194-9821-AB1CA14FFDF6}.Debug|x64.Build.0 = Debug|Any CPU
		{04ACC0EA-ABCF-4194-9821-AB1CA14FFDF6}.Debug|x86.ActiveCfg = Debug|Any CPU
		{04ACC0EA-ABCF-4194-9821-AB1CA14FFDF6}.Release|Any CPU.ActiveCfg = Release|Any CPU
		{04ACC0EA-ABCF-4194-9821-AB1CA14FFDF6}.Release|Any CPU.Build.0 = Release|Any CPU
		{04ACC0EA-ABCF-4194-9821-AB1CA14FFDF6}.Release|x64.ActiveCfg = Release|Any CPU
		{04ACC0EA-ABCF-4194-9821-AB1CA14FFDF6}.Release|x64.Build.0 = Release|Any CPU
		{04ACC0EA-ABCF-4194-9821-AB1CA14FFDF6}.Release|x86.ActiveCfg = Release|Any CPU
		{B4DA96F1-E673-4D8B-9FAC-E3DC161DC4CC}.Debug|Any CPU.ActiveCfg = Debug|Any CPU
		{B4DA96F1-E673-4D8B-9FAC-E3DC161DC4CC}.Debug|Any CPU.Build.0 = Debug|Any CPU
		{B4DA96F1-E673-4D8B-9FAC-E3DC161DC4CC}.Debug|x64.ActiveCfg = Debug|Any CPU
		{B4DA96F1-E673-4D8B-9FAC-E3DC161DC4CC}.Debug|x64.Build.0 = Debug|Any CPU
		{B4DA96F1-E673-4D8B-9FAC-E3DC161DC4CC}.Debug|x86.ActiveCfg = Debug|Any CPU
		{B4DA96F1-E673-4D8B-9FAC-E3DC161DC4CC}.Release|Any CPU.ActiveCfg = Release|Any CPU
		{B4DA96F1-E673-4D8B-9FAC-E3DC161DC4CC}.Release|Any CPU.Build.0 = Release|Any CPU
		{B4DA96F1-E673-4D8B-9FAC-E3DC161DC4CC}.Release|x64.ActiveCfg = Release|Any CPU
		{B4DA96F1-E673-4D8B-9FAC-E3DC161DC4CC}.Release|x64.Build.0 = Release|Any CPU
		{B4DA96F1-E673-4D8B-9FAC-E3DC161DC4CC}.Release|x86.ActiveCfg = Release|Any CPU
		{375BCBC1-AF9D-4DAC-A55E-15585A23BC23}.Debug|Any CPU.ActiveCfg = Debug|Any CPU
		{375BCBC1-AF9D-4DAC-A55E-15585A23BC23}.Debug|Any CPU.Build.0 = Debug|Any CPU
		{375BCBC1-AF9D-4DAC-A55E-15585A23BC23}.Debug|x64.ActiveCfg = Debug|Any CPU
		{375BCBC1-AF9D-4DAC-A55E-15585A23BC23}.Debug|x64.Build.0 = Debug|Any CPU
		{375BCBC1-AF9D-4DAC-A55E-15585A23BC23}.Debug|x86.ActiveCfg = Debug|Any CPU
		{375BCBC1-AF9D-4DAC-A55E-15585A23BC23}.Release|Any CPU.ActiveCfg = Release|Any CPU
		{375BCBC1-AF9D-4DAC-A55E-15585A23BC23}.Release|Any CPU.Build.0 = Release|Any CPU
		{375BCBC1-AF9D-4DAC-A55E-15585A23BC23}.Release|x64.ActiveCfg = Release|Any CPU
		{375BCBC1-AF9D-4DAC-A55E-15585A23BC23}.Release|x64.Build.0 = Release|Any CPU
		{375BCBC1-AF9D-4DAC-A55E-15585A23BC23}.Release|x86.ActiveCfg = Release|Any CPU
		{20A6C7A9-B099-464C-8BA6-954D2A02A343}.Debug|Any CPU.ActiveCfg = Debug|Any CPU
		{20A6C7A9-B099-464C-8BA6-954D2A02A343}.Debug|Any CPU.Build.0 = Debug|Any CPU
		{20A6C7A9-B099-464C-8BA6-954D2A02A343}.Debug|x64.ActiveCfg = Debug|Any CPU
		{20A6C7A9-B099-464C-8BA6-954D2A02A343}.Debug|x64.Build.0 = Debug|Any CPU
		{20A6C7A9-B099-464C-8BA6-954D2A02A343}.Debug|x86.ActiveCfg = Debug|Any CPU
		{20A6C7A9-B099-464C-8BA6-954D2A02A343}.Release|Any CPU.ActiveCfg = Release|Any CPU
		{20A6C7A9-B099-464C-8BA6-954D2A02A343}.Release|Any CPU.Build.0 = Release|Any CPU
		{20A6C7A9-B099-464C-8BA6-954D2A02A343}.Release|x64.ActiveCfg = Release|Any CPU
		{20A6C7A9-B099-464C-8BA6-954D2A02A343}.Release|x64.Build.0 = Release|Any CPU
		{20A6C7A9-B099-464C-8BA6-954D2A02A343}.Release|x86.ActiveCfg = Release|Any CPU
		{6E4ED1C2-9751-4DDE-A49C-2819AFD29D05}.Debug|Any CPU.ActiveCfg = Debug|Any CPU
		{6E4ED1C2-9751-4DDE-A49C-2819AFD29D05}.Debug|Any CPU.Build.0 = Debug|Any CPU
		{6E4ED1C2-9751-4DDE-A49C-2819AFD29D05}.Debug|x64.ActiveCfg = Debug|Any CPU
		{6E4ED1C2-9751-4DDE-A49C-2819AFD29D05}.Debug|x64.Build.0 = Debug|Any CPU
		{6E4ED1C2-9751-4DDE-A49C-2819AFD29D05}.Debug|x86.ActiveCfg = Debug|Any CPU
		{6E4ED1C2-9751-4DDE-A49C-2819AFD29D05}.Release|Any CPU.ActiveCfg = Release|Any CPU
		{6E4ED1C2-9751-4DDE-A49C-2819AFD29D05}.Release|Any CPU.Build.0 = Release|Any CPU
		{6E4ED1C2-9751-4DDE-A49C-2819AFD29D05}.Release|x64.ActiveCfg = Release|Any CPU
		{6E4ED1C2-9751-4DDE-A49C-2819AFD29D05}.Release|x64.Build.0 = Release|Any CPU
		{6E4ED1C2-9751-4DDE-A49C-2819AFD29D05}.Release|x86.ActiveCfg = Release|Any CPU
		{CD817F13-569A-4390-B9AD-864CB079EDB5}.Debug|Any CPU.ActiveCfg = Debug|Any CPU
		{CD817F13-569A-4390-B9AD-864CB079EDB5}.Debug|Any CPU.Build.0 = Debug|Any CPU
		{CD817F13-569A-4390-B9AD-864CB079EDB5}.Debug|x64.ActiveCfg = Debug|Any CPU
		{CD817F13-569A-4390-B9AD-864CB079EDB5}.Debug|x64.Build.0 = Debug|Any CPU
		{CD817F13-569A-4390-B9AD-864CB079EDB5}.Debug|x86.ActiveCfg = Debug|Any CPU
		{CD817F13-569A-4390-B9AD-864CB079EDB5}.Release|Any CPU.ActiveCfg = Release|Any CPU
		{CD817F13-569A-4390-B9AD-864CB079EDB5}.Release|Any CPU.Build.0 = Release|Any CPU
		{CD817F13-569A-4390-B9AD-864CB079EDB5}.Release|x64.ActiveCfg = Release|Any CPU
		{CD817F13-569A-4390-B9AD-864CB079EDB5}.Release|x64.Build.0 = Release|Any CPU
		{CD817F13-569A-4390-B9AD-864CB079EDB5}.Release|x86.ActiveCfg = Release|Any CPU
		{B9692DB6-9C23-4C46-9E39-FFEE1770946E}.Debug|Any CPU.ActiveCfg = Debug|Any CPU
		{B9692DB6-9C23-4C46-9E39-FFEE1770946E}.Debug|Any CPU.Build.0 = Debug|Any CPU
		{B9692DB6-9C23-4C46-9E39-FFEE1770946E}.Debug|x64.ActiveCfg = Debug|Any CPU
		{B9692DB6-9C23-4C46-9E39-FFEE1770946E}.Debug|x64.Build.0 = Debug|Any CPU
		{B9692DB6-9C23-4C46-9E39-FFEE1770946E}.Debug|x86.ActiveCfg = Debug|Any CPU
		{B9692DB6-9C23-4C46-9E39-FFEE1770946E}.Release|Any CPU.ActiveCfg = Release|Any CPU
		{B9692DB6-9C23-4C46-9E39-FFEE1770946E}.Release|Any CPU.Build.0 = Release|Any CPU
		{B9692DB6-9C23-4C46-9E39-FFEE1770946E}.Release|x64.ActiveCfg = Release|Any CPU
		{B9692DB6-9C23-4C46-9E39-FFEE1770946E}.Release|x64.Build.0 = Release|Any CPU
		{B9692DB6-9C23-4C46-9E39-FFEE1770946E}.Release|x86.ActiveCfg = Release|Any CPU
		{159A67AD-9372-4A95-A9B8-FD15C59A7AB0}.Debug|Any CPU.ActiveCfg = Debug|Any CPU
		{159A67AD-9372-4A95-A9B8-FD15C59A7AB0}.Debug|Any CPU.Build.0 = Debug|Any CPU
		{159A67AD-9372-4A95-A9B8-FD15C59A7AB0}.Debug|x64.ActiveCfg = Debug|Any CPU
		{159A67AD-9372-4A95-A9B8-FD15C59A7AB0}.Debug|x64.Build.0 = Debug|Any CPU
		{159A67AD-9372-4A95-A9B8-FD15C59A7AB0}.Debug|x86.ActiveCfg = Debug|Any CPU
		{159A67AD-9372-4A95-A9B8-FD15C59A7AB0}.Release|Any CPU.ActiveCfg = Release|Any CPU
		{159A67AD-9372-4A95-A9B8-FD15C59A7AB0}.Release|Any CPU.Build.0 = Release|Any CPU
		{159A67AD-9372-4A95-A9B8-FD15C59A7AB0}.Release|x64.ActiveCfg = Release|Any CPU
		{159A67AD-9372-4A95-A9B8-FD15C59A7AB0}.Release|x64.Build.0 = Release|Any CPU
		{159A67AD-9372-4A95-A9B8-FD15C59A7AB0}.Release|x86.ActiveCfg = Release|Any CPU
		{449E5D49-B46A-40BB-9FB3-12589123F450}.Debug|Any CPU.ActiveCfg = Debug|Any CPU
		{449E5D49-B46A-40BB-9FB3-12589123F450}.Debug|Any CPU.Build.0 = Debug|Any CPU
		{449E5D49-B46A-40BB-9FB3-12589123F450}.Debug|x64.ActiveCfg = Debug|Any CPU
		{449E5D49-B46A-40BB-9FB3-12589123F450}.Debug|x64.Build.0 = Debug|Any CPU
		{449E5D49-B46A-40BB-9FB3-12589123F450}.Debug|x86.ActiveCfg = Debug|Any CPU
		{449E5D49-B46A-40BB-9FB3-12589123F450}.Release|Any CPU.ActiveCfg = Release|Any CPU
		{449E5D49-B46A-40BB-9FB3-12589123F450}.Release|Any CPU.Build.0 = Release|Any CPU
		{449E5D49-B46A-40BB-9FB3-12589123F450}.Release|x64.ActiveCfg = Release|Any CPU
		{449E5D49-B46A-40BB-9FB3-12589123F450}.Release|x64.Build.0 = Release|Any CPU
		{449E5D49-B46A-40BB-9FB3-12589123F450}.Release|x86.ActiveCfg = Release|Any CPU
		{5785129A-79DC-4E9B-A43B-BE6E18FE65B2}.Debug|Any CPU.ActiveCfg = Debug|Any CPU
		{5785129A-79DC-4E9B-A43B-BE6E18FE65B2}.Debug|Any CPU.Build.0 = Debug|Any CPU
		{5785129A-79DC-4E9B-A43B-BE6E18FE65B2}.Debug|x64.ActiveCfg = Debug|Any CPU
		{5785129A-79DC-4E9B-A43B-BE6E18FE65B2}.Debug|x64.Build.0 = Debug|Any CPU
		{5785129A-79DC-4E9B-A43B-BE6E18FE65B2}.Debug|x86.ActiveCfg = Debug|Any CPU
		{5785129A-79DC-4E9B-A43B-BE6E18FE65B2}.Release|Any CPU.ActiveCfg = Release|Any CPU
		{5785129A-79DC-4E9B-A43B-BE6E18FE65B2}.Release|Any CPU.Build.0 = Release|Any CPU
		{5785129A-79DC-4E9B-A43B-BE6E18FE65B2}.Release|x64.ActiveCfg = Release|Any CPU
		{5785129A-79DC-4E9B-A43B-BE6E18FE65B2}.Release|x64.Build.0 = Release|Any CPU
		{5785129A-79DC-4E9B-A43B-BE6E18FE65B2}.Release|x86.ActiveCfg = Release|Any CPU
		{B9C9B4EF-4AE9-4BCB-BEBC-BE34B5765F4F}.Debug|Any CPU.ActiveCfg = Debug|Any CPU
		{B9C9B4EF-4AE9-4BCB-BEBC-BE34B5765F4F}.Debug|Any CPU.Build.0 = Debug|Any CPU
		{B9C9B4EF-4AE9-4BCB-BEBC-BE34B5765F4F}.Debug|x64.ActiveCfg = Debug|Any CPU
		{B9C9B4EF-4AE9-4BCB-BEBC-BE34B5765F4F}.Debug|x64.Build.0 = Debug|Any CPU
		{B9C9B4EF-4AE9-4BCB-BEBC-BE34B5765F4F}.Debug|x86.ActiveCfg = Debug|Any CPU
		{B9C9B4EF-4AE9-4BCB-BEBC-BE34B5765F4F}.Release|Any CPU.ActiveCfg = Release|Any CPU
		{B9C9B4EF-4AE9-4BCB-BEBC-BE34B5765F4F}.Release|Any CPU.Build.0 = Release|Any CPU
		{B9C9B4EF-4AE9-4BCB-BEBC-BE34B5765F4F}.Release|x64.ActiveCfg = Release|Any CPU
		{B9C9B4EF-4AE9-4BCB-BEBC-BE34B5765F4F}.Release|x64.Build.0 = Release|Any CPU
		{B9C9B4EF-4AE9-4BCB-BEBC-BE34B5765F4F}.Release|x86.ActiveCfg = Release|Any CPU
		{5F9E36BF-5B96-45C9-A833-1592644BC213}.Debug|Any CPU.ActiveCfg = Debug|Any CPU
		{5F9E36BF-5B96-45C9-A833-1592644BC213}.Debug|Any CPU.Build.0 = Debug|Any CPU
		{5F9E36BF-5B96-45C9-A833-1592644BC213}.Debug|x64.ActiveCfg = Debug|Any CPU
		{5F9E36BF-5B96-45C9-A833-1592644BC213}.Debug|x64.Build.0 = Debug|Any CPU
		{5F9E36BF-5B96-45C9-A833-1592644BC213}.Debug|x86.ActiveCfg = Debug|Any CPU
		{5F9E36BF-5B96-45C9-A833-1592644BC213}.Release|Any CPU.ActiveCfg = Release|Any CPU
		{5F9E36BF-5B96-45C9-A833-1592644BC213}.Release|Any CPU.Build.0 = Release|Any CPU
		{5F9E36BF-5B96-45C9-A833-1592644BC213}.Release|x64.ActiveCfg = Release|Any CPU
		{5F9E36BF-5B96-45C9-A833-1592644BC213}.Release|x64.Build.0 = Release|Any CPU
		{5F9E36BF-5B96-45C9-A833-1592644BC213}.Release|x86.ActiveCfg = Release|Any CPU
		{60930B0F-BABA-48F8-ABD8-EC926156C83A}.Debug|Any CPU.ActiveCfg = Debug|Any CPU
		{60930B0F-BABA-48F8-ABD8-EC926156C83A}.Debug|Any CPU.Build.0 = Debug|Any CPU
		{60930B0F-BABA-48F8-ABD8-EC926156C83A}.Debug|x64.ActiveCfg = Debug|Any CPU
		{60930B0F-BABA-48F8-ABD8-EC926156C83A}.Debug|x64.Build.0 = Debug|Any CPU
		{60930B0F-BABA-48F8-ABD8-EC926156C83A}.Debug|x86.ActiveCfg = Debug|Any CPU
		{60930B0F-BABA-48F8-ABD8-EC926156C83A}.Release|Any CPU.ActiveCfg = Release|Any CPU
		{60930B0F-BABA-48F8-ABD8-EC926156C83A}.Release|Any CPU.Build.0 = Release|Any CPU
		{60930B0F-BABA-48F8-ABD8-EC926156C83A}.Release|x64.ActiveCfg = Release|Any CPU
		{60930B0F-BABA-48F8-ABD8-EC926156C83A}.Release|x64.Build.0 = Release|Any CPU
		{60930B0F-BABA-48F8-ABD8-EC926156C83A}.Release|x86.ActiveCfg = Release|Any CPU
		{3FBE5988-4DB9-41CE-A9A9-B41B37CEC184}.Debug|Any CPU.ActiveCfg = Debug|Any CPU
		{3FBE5988-4DB9-41CE-A9A9-B41B37CEC184}.Debug|Any CPU.Build.0 = Debug|Any CPU
		{3FBE5988-4DB9-41CE-A9A9-B41B37CEC184}.Debug|x64.ActiveCfg = Debug|Any CPU
		{3FBE5988-4DB9-41CE-A9A9-B41B37CEC184}.Debug|x64.Build.0 = Debug|Any CPU
		{3FBE5988-4DB9-41CE-A9A9-B41B37CEC184}.Debug|x86.ActiveCfg = Debug|Any CPU
		{3FBE5988-4DB9-41CE-A9A9-B41B37CEC184}.Release|Any CPU.ActiveCfg = Release|Any CPU
		{3FBE5988-4DB9-41CE-A9A9-B41B37CEC184}.Release|Any CPU.Build.0 = Release|Any CPU
		{3FBE5988-4DB9-41CE-A9A9-B41B37CEC184}.Release|x64.ActiveCfg = Release|Any CPU
		{3FBE5988-4DB9-41CE-A9A9-B41B37CEC184}.Release|x64.Build.0 = Release|Any CPU
		{3FBE5988-4DB9-41CE-A9A9-B41B37CEC184}.Release|x86.ActiveCfg = Release|Any CPU
		{95F16B8E-FDE5-4770-BF1D-07D9915C00C0}.Debug|Any CPU.ActiveCfg = Debug|Any CPU
		{95F16B8E-FDE5-4770-BF1D-07D9915C00C0}.Debug|Any CPU.Build.0 = Debug|Any CPU
		{95F16B8E-FDE5-4770-BF1D-07D9915C00C0}.Debug|x64.ActiveCfg = Debug|Any CPU
		{95F16B8E-FDE5-4770-BF1D-07D9915C00C0}.Debug|x64.Build.0 = Debug|Any CPU
		{95F16B8E-FDE5-4770-BF1D-07D9915C00C0}.Debug|x86.ActiveCfg = Debug|x86
		{95F16B8E-FDE5-4770-BF1D-07D9915C00C0}.Debug|x86.Build.0 = Debug|x86
		{95F16B8E-FDE5-4770-BF1D-07D9915C00C0}.Release|Any CPU.ActiveCfg = Release|Any CPU
		{95F16B8E-FDE5-4770-BF1D-07D9915C00C0}.Release|Any CPU.Build.0 = Release|Any CPU
		{95F16B8E-FDE5-4770-BF1D-07D9915C00C0}.Release|x64.ActiveCfg = Release|Any CPU
		{95F16B8E-FDE5-4770-BF1D-07D9915C00C0}.Release|x64.Build.0 = Release|Any CPU
		{95F16B8E-FDE5-4770-BF1D-07D9915C00C0}.Release|x86.ActiveCfg = Release|x86
		{95F16B8E-FDE5-4770-BF1D-07D9915C00C0}.Release|x86.Build.0 = Release|x86
		{9A22B208-94DC-4FA8-B455-12257E37B698}.Debug|Any CPU.ActiveCfg = Debug|Any CPU
		{9A22B208-94DC-4FA8-B455-12257E37B698}.Debug|Any CPU.Build.0 = Debug|Any CPU
		{9A22B208-94DC-4FA8-B455-12257E37B698}.Debug|x64.ActiveCfg = Debug|Any CPU
		{9A22B208-94DC-4FA8-B455-12257E37B698}.Debug|x64.Build.0 = Debug|Any CPU
		{9A22B208-94DC-4FA8-B455-12257E37B698}.Debug|x86.ActiveCfg = Debug|Any CPU
		{9A22B208-94DC-4FA8-B455-12257E37B698}.Release|Any CPU.ActiveCfg = Release|Any CPU
		{9A22B208-94DC-4FA8-B455-12257E37B698}.Release|Any CPU.Build.0 = Release|Any CPU
		{9A22B208-94DC-4FA8-B455-12257E37B698}.Release|x64.ActiveCfg = Release|Any CPU
		{9A22B208-94DC-4FA8-B455-12257E37B698}.Release|x64.Build.0 = Release|Any CPU
		{9A22B208-94DC-4FA8-B455-12257E37B698}.Release|x86.ActiveCfg = Release|Any CPU
		{50ACC3A4-C741-42E6-B2CC-A7134884CA7F}.Debug|Any CPU.ActiveCfg = Debug|Any CPU
		{50ACC3A4-C741-42E6-B2CC-A7134884CA7F}.Debug|Any CPU.Build.0 = Debug|Any CPU
		{50ACC3A4-C741-42E6-B2CC-A7134884CA7F}.Debug|x64.ActiveCfg = Debug|Any CPU
		{50ACC3A4-C741-42E6-B2CC-A7134884CA7F}.Debug|x64.Build.0 = Debug|Any CPU
		{50ACC3A4-C741-42E6-B2CC-A7134884CA7F}.Debug|x86.ActiveCfg = Debug|Any CPU
		{50ACC3A4-C741-42E6-B2CC-A7134884CA7F}.Release|Any CPU.ActiveCfg = Release|Any CPU
		{50ACC3A4-C741-42E6-B2CC-A7134884CA7F}.Release|Any CPU.Build.0 = Release|Any CPU
		{50ACC3A4-C741-42E6-B2CC-A7134884CA7F}.Release|x64.ActiveCfg = Release|Any CPU
		{50ACC3A4-C741-42E6-B2CC-A7134884CA7F}.Release|x64.Build.0 = Release|Any CPU
		{50ACC3A4-C741-42E6-B2CC-A7134884CA7F}.Release|x86.ActiveCfg = Release|Any CPU
		{19D131E2-C77C-422B-9559-739FAF6293C2}.Debug|Any CPU.ActiveCfg = Debug|Any CPU
		{19D131E2-C77C-422B-9559-739FAF6293C2}.Debug|Any CPU.Build.0 = Debug|Any CPU
		{19D131E2-C77C-422B-9559-739FAF6293C2}.Debug|x64.ActiveCfg = Debug|Any CPU
		{19D131E2-C77C-422B-9559-739FAF6293C2}.Debug|x64.Build.0 = Debug|Any CPU
		{19D131E2-C77C-422B-9559-739FAF6293C2}.Debug|x86.ActiveCfg = Debug|Any CPU
		{19D131E2-C77C-422B-9559-739FAF6293C2}.Release|Any CPU.ActiveCfg = Release|Any CPU
		{19D131E2-C77C-422B-9559-739FAF6293C2}.Release|Any CPU.Build.0 = Release|Any CPU
		{19D131E2-C77C-422B-9559-739FAF6293C2}.Release|x64.ActiveCfg = Release|Any CPU
		{19D131E2-C77C-422B-9559-739FAF6293C2}.Release|x64.Build.0 = Release|Any CPU
		{19D131E2-C77C-422B-9559-739FAF6293C2}.Release|x86.ActiveCfg = Release|Any CPU
		{7C228D04-E2A6-4028-9C74-C1C5EA381715}.Debug|Any CPU.ActiveCfg = Debug|Any CPU
		{7C228D04-E2A6-4028-9C74-C1C5EA381715}.Debug|Any CPU.Build.0 = Debug|Any CPU
		{7C228D04-E2A6-4028-9C74-C1C5EA381715}.Debug|x64.ActiveCfg = Debug|Any CPU
		{7C228D04-E2A6-4028-9C74-C1C5EA381715}.Debug|x64.Build.0 = Debug|Any CPU
		{7C228D04-E2A6-4028-9C74-C1C5EA381715}.Debug|x86.ActiveCfg = Debug|Any CPU
		{7C228D04-E2A6-4028-9C74-C1C5EA381715}.Release|Any CPU.ActiveCfg = Release|Any CPU
		{7C228D04-E2A6-4028-9C74-C1C5EA381715}.Release|Any CPU.Build.0 = Release|Any CPU
		{7C228D04-E2A6-4028-9C74-C1C5EA381715}.Release|x64.ActiveCfg = Release|Any CPU
		{7C228D04-E2A6-4028-9C74-C1C5EA381715}.Release|x64.Build.0 = Release|Any CPU
		{7C228D04-E2A6-4028-9C74-C1C5EA381715}.Release|x86.ActiveCfg = Release|Any CPU
		{7D2410D0-DBBD-4556-815A-F58BAF9C19FC}.Debug|Any CPU.ActiveCfg = Debug|Any CPU
		{7D2410D0-DBBD-4556-815A-F58BAF9C19FC}.Debug|Any CPU.Build.0 = Debug|Any CPU
		{7D2410D0-DBBD-4556-815A-F58BAF9C19FC}.Debug|x64.ActiveCfg = Debug|Any CPU
		{7D2410D0-DBBD-4556-815A-F58BAF9C19FC}.Debug|x64.Build.0 = Debug|Any CPU
		{7D2410D0-DBBD-4556-815A-F58BAF9C19FC}.Debug|x86.ActiveCfg = Debug|Any CPU
		{7D2410D0-DBBD-4556-815A-F58BAF9C19FC}.Release|Any CPU.ActiveCfg = Release|Any CPU
		{7D2410D0-DBBD-4556-815A-F58BAF9C19FC}.Release|Any CPU.Build.0 = Release|Any CPU
		{7D2410D0-DBBD-4556-815A-F58BAF9C19FC}.Release|x64.ActiveCfg = Release|Any CPU
		{7D2410D0-DBBD-4556-815A-F58BAF9C19FC}.Release|x64.Build.0 = Release|Any CPU
		{7D2410D0-DBBD-4556-815A-F58BAF9C19FC}.Release|x86.ActiveCfg = Release|Any CPU
		{C47AC318-A34B-4F6B-AC63-81E64D211DE0}.Debug|Any CPU.ActiveCfg = Debug|Any CPU
		{C47AC318-A34B-4F6B-AC63-81E64D211DE0}.Debug|Any CPU.Build.0 = Debug|Any CPU
		{C47AC318-A34B-4F6B-AC63-81E64D211DE0}.Debug|x64.ActiveCfg = Debug|Any CPU
		{C47AC318-A34B-4F6B-AC63-81E64D211DE0}.Debug|x64.Build.0 = Debug|Any CPU
		{C47AC318-A34B-4F6B-AC63-81E64D211DE0}.Debug|x86.ActiveCfg = Debug|Any CPU
		{C47AC318-A34B-4F6B-AC63-81E64D211DE0}.Release|Any CPU.ActiveCfg = Release|Any CPU
		{C47AC318-A34B-4F6B-AC63-81E64D211DE0}.Release|Any CPU.Build.0 = Release|Any CPU
		{C47AC318-A34B-4F6B-AC63-81E64D211DE0}.Release|x64.ActiveCfg = Release|Any CPU
		{C47AC318-A34B-4F6B-AC63-81E64D211DE0}.Release|x64.Build.0 = Release|Any CPU
		{C47AC318-A34B-4F6B-AC63-81E64D211DE0}.Release|x86.ActiveCfg = Release|Any CPU
		{A74EA370-1E0D-460F-8AF0-09381698993B}.Debug|Any CPU.ActiveCfg = Debug|Any CPU
		{A74EA370-1E0D-460F-8AF0-09381698993B}.Debug|Any CPU.Build.0 = Debug|Any CPU
		{A74EA370-1E0D-460F-8AF0-09381698993B}.Debug|x64.ActiveCfg = Debug|Any CPU
		{A74EA370-1E0D-460F-8AF0-09381698993B}.Debug|x64.Build.0 = Debug|Any CPU
		{A74EA370-1E0D-460F-8AF0-09381698993B}.Debug|x86.ActiveCfg = Debug|Any CPU
		{A74EA370-1E0D-460F-8AF0-09381698993B}.Debug|x86.Build.0 = Debug|Any CPU
		{A74EA370-1E0D-460F-8AF0-09381698993B}.Release|Any CPU.ActiveCfg = Release|Any CPU
		{A74EA370-1E0D-460F-8AF0-09381698993B}.Release|Any CPU.Build.0 = Release|Any CPU
		{A74EA370-1E0D-460F-8AF0-09381698993B}.Release|x64.ActiveCfg = Release|Any CPU
		{A74EA370-1E0D-460F-8AF0-09381698993B}.Release|x64.Build.0 = Release|Any CPU
		{A74EA370-1E0D-460F-8AF0-09381698993B}.Release|x86.ActiveCfg = Release|Any CPU
		{A74EA370-1E0D-460F-8AF0-09381698993B}.Release|x86.Build.0 = Release|Any CPU
		{EE8BA558-23C2-4AEE-9AC2-014FE80FAF97}.Debug|Any CPU.ActiveCfg = Debug|Any CPU
		{EE8BA558-23C2-4AEE-9AC2-014FE80FAF97}.Debug|Any CPU.Build.0 = Debug|Any CPU
		{EE8BA558-23C2-4AEE-9AC2-014FE80FAF97}.Debug|x64.ActiveCfg = Debug|Any CPU
		{EE8BA558-23C2-4AEE-9AC2-014FE80FAF97}.Debug|x64.Build.0 = Debug|Any CPU
		{EE8BA558-23C2-4AEE-9AC2-014FE80FAF97}.Debug|x86.ActiveCfg = Debug|Any CPU
		{EE8BA558-23C2-4AEE-9AC2-014FE80FAF97}.Debug|x86.Build.0 = Debug|Any CPU
		{EE8BA558-23C2-4AEE-9AC2-014FE80FAF97}.Release|Any CPU.ActiveCfg = Release|Any CPU
		{EE8BA558-23C2-4AEE-9AC2-014FE80FAF97}.Release|Any CPU.Build.0 = Release|Any CPU
		{EE8BA558-23C2-4AEE-9AC2-014FE80FAF97}.Release|x64.ActiveCfg = Release|Any CPU
		{EE8BA558-23C2-4AEE-9AC2-014FE80FAF97}.Release|x64.Build.0 = Release|Any CPU
		{EE8BA558-23C2-4AEE-9AC2-014FE80FAF97}.Release|x86.ActiveCfg = Release|Any CPU
		{EE8BA558-23C2-4AEE-9AC2-014FE80FAF97}.Release|x86.Build.0 = Release|Any CPU
		{34242C17-666A-425F-9038-95387D8E7C41}.Debug|Any CPU.ActiveCfg = Debug|Any CPU
		{34242C17-666A-425F-9038-95387D8E7C41}.Debug|Any CPU.Build.0 = Debug|Any CPU
		{34242C17-666A-425F-9038-95387D8E7C41}.Debug|x64.ActiveCfg = Debug|Any CPU
		{34242C17-666A-425F-9038-95387D8E7C41}.Debug|x64.Build.0 = Debug|Any CPU
		{34242C17-666A-425F-9038-95387D8E7C41}.Debug|x86.ActiveCfg = Debug|Any CPU
		{34242C17-666A-425F-9038-95387D8E7C41}.Debug|x86.Build.0 = Debug|Any CPU
		{34242C17-666A-425F-9038-95387D8E7C41}.Release|Any CPU.ActiveCfg = Release|Any CPU
		{34242C17-666A-425F-9038-95387D8E7C41}.Release|Any CPU.Build.0 = Release|Any CPU
		{34242C17-666A-425F-9038-95387D8E7C41}.Release|x64.ActiveCfg = Release|Any CPU
		{34242C17-666A-425F-9038-95387D8E7C41}.Release|x64.Build.0 = Release|Any CPU
		{34242C17-666A-425F-9038-95387D8E7C41}.Release|x86.ActiveCfg = Release|Any CPU
		{34242C17-666A-425F-9038-95387D8E7C41}.Release|x86.Build.0 = Release|Any CPU
		{4ADA67E2-6AD9-4E57-A03E-FB09EB3D0AC6}.Debug|Any CPU.ActiveCfg = Debug|Any CPU
		{4ADA67E2-6AD9-4E57-A03E-FB09EB3D0AC6}.Debug|Any CPU.Build.0 = Debug|Any CPU
		{4ADA67E2-6AD9-4E57-A03E-FB09EB3D0AC6}.Debug|x64.ActiveCfg = Debug|Any CPU
		{4ADA67E2-6AD9-4E57-A03E-FB09EB3D0AC6}.Debug|x64.Build.0 = Debug|Any CPU
		{4ADA67E2-6AD9-4E57-A03E-FB09EB3D0AC6}.Debug|x86.ActiveCfg = Debug|Any CPU
		{4ADA67E2-6AD9-4E57-A03E-FB09EB3D0AC6}.Debug|x86.Build.0 = Debug|Any CPU
		{4ADA67E2-6AD9-4E57-A03E-FB09EB3D0AC6}.Release|Any CPU.ActiveCfg = Release|Any CPU
		{4ADA67E2-6AD9-4E57-A03E-FB09EB3D0AC6}.Release|Any CPU.Build.0 = Release|Any CPU
		{4ADA67E2-6AD9-4E57-A03E-FB09EB3D0AC6}.Release|x64.ActiveCfg = Release|Any CPU
		{4ADA67E2-6AD9-4E57-A03E-FB09EB3D0AC6}.Release|x64.Build.0 = Release|Any CPU
		{4ADA67E2-6AD9-4E57-A03E-FB09EB3D0AC6}.Release|x86.ActiveCfg = Release|Any CPU
		{4ADA67E2-6AD9-4E57-A03E-FB09EB3D0AC6}.Release|x86.Build.0 = Release|Any CPU
		{E9C7617C-6B77-4F89-A0CF-9FC5E7B042F7}.Debug|Any CPU.ActiveCfg = Debug|Any CPU
		{E9C7617C-6B77-4F89-A0CF-9FC5E7B042F7}.Debug|Any CPU.Build.0 = Debug|Any CPU
		{E9C7617C-6B77-4F89-A0CF-9FC5E7B042F7}.Debug|x64.ActiveCfg = Debug|Any CPU
		{E9C7617C-6B77-4F89-A0CF-9FC5E7B042F7}.Debug|x64.Build.0 = Debug|Any CPU
		{E9C7617C-6B77-4F89-A0CF-9FC5E7B042F7}.Debug|x86.ActiveCfg = Debug|Any CPU
		{E9C7617C-6B77-4F89-A0CF-9FC5E7B042F7}.Debug|x86.Build.0 = Debug|Any CPU
		{E9C7617C-6B77-4F89-A0CF-9FC5E7B042F7}.Release|Any CPU.ActiveCfg = Release|Any CPU
		{E9C7617C-6B77-4F89-A0CF-9FC5E7B042F7}.Release|Any CPU.Build.0 = Release|Any CPU
		{E9C7617C-6B77-4F89-A0CF-9FC5E7B042F7}.Release|x64.ActiveCfg = Release|Any CPU
		{E9C7617C-6B77-4F89-A0CF-9FC5E7B042F7}.Release|x64.Build.0 = Release|Any CPU
		{E9C7617C-6B77-4F89-A0CF-9FC5E7B042F7}.Release|x86.ActiveCfg = Release|Any CPU
		{E9C7617C-6B77-4F89-A0CF-9FC5E7B042F7}.Release|x86.Build.0 = Release|Any CPU
		{BE303903-1C20-46EA-A1E1-3E4D587FCD4C}.Debug|Any CPU.ActiveCfg = Debug|Any CPU
		{BE303903-1C20-46EA-A1E1-3E4D587FCD4C}.Debug|Any CPU.Build.0 = Debug|Any CPU
		{BE303903-1C20-46EA-A1E1-3E4D587FCD4C}.Debug|x64.ActiveCfg = Debug|Any CPU
		{BE303903-1C20-46EA-A1E1-3E4D587FCD4C}.Debug|x64.Build.0 = Debug|Any CPU
		{BE303903-1C20-46EA-A1E1-3E4D587FCD4C}.Debug|x86.ActiveCfg = Debug|Any CPU
		{BE303903-1C20-46EA-A1E1-3E4D587FCD4C}.Debug|x86.Build.0 = Debug|Any CPU
		{BE303903-1C20-46EA-A1E1-3E4D587FCD4C}.Release|Any CPU.ActiveCfg = Release|Any CPU
		{BE303903-1C20-46EA-A1E1-3E4D587FCD4C}.Release|Any CPU.Build.0 = Release|Any CPU
		{BE303903-1C20-46EA-A1E1-3E4D587FCD4C}.Release|x64.ActiveCfg = Release|Any CPU
		{BE303903-1C20-46EA-A1E1-3E4D587FCD4C}.Release|x64.Build.0 = Release|Any CPU
		{BE303903-1C20-46EA-A1E1-3E4D587FCD4C}.Release|x86.ActiveCfg = Release|Any CPU
		{BE303903-1C20-46EA-A1E1-3E4D587FCD4C}.Release|x86.Build.0 = Release|Any CPU
		{5E201B09-B51B-4DE6-92B9-76BEBEEA7CE6}.Debug|Any CPU.ActiveCfg = Debug|Any CPU
		{5E201B09-B51B-4DE6-92B9-76BEBEEA7CE6}.Debug|Any CPU.Build.0 = Debug|Any CPU
		{5E201B09-B51B-4DE6-92B9-76BEBEEA7CE6}.Debug|x64.ActiveCfg = Debug|x64
		{5E201B09-B51B-4DE6-92B9-76BEBEEA7CE6}.Debug|x64.Build.0 = Debug|x64
		{5E201B09-B51B-4DE6-92B9-76BEBEEA7CE6}.Debug|x86.ActiveCfg = Debug|x86
		{5E201B09-B51B-4DE6-92B9-76BEBEEA7CE6}.Debug|x86.Build.0 = Debug|x86
		{5E201B09-B51B-4DE6-92B9-76BEBEEA7CE6}.Release|Any CPU.ActiveCfg = Release|Any CPU
		{5E201B09-B51B-4DE6-92B9-76BEBEEA7CE6}.Release|Any CPU.Build.0 = Release|Any CPU
		{5E201B09-B51B-4DE6-92B9-76BEBEEA7CE6}.Release|x64.ActiveCfg = Release|x64
		{5E201B09-B51B-4DE6-92B9-76BEBEEA7CE6}.Release|x64.Build.0 = Release|x64
		{5E201B09-B51B-4DE6-92B9-76BEBEEA7CE6}.Release|x86.ActiveCfg = Release|x86
		{5E201B09-B51B-4DE6-92B9-76BEBEEA7CE6}.Release|x86.Build.0 = Release|x86
		{2B1A4D3E-9ECA-49BE-9FB8-22302B022CC0}.Debug|Any CPU.ActiveCfg = Debug|Any CPU
		{2B1A4D3E-9ECA-49BE-9FB8-22302B022CC0}.Debug|Any CPU.Build.0 = Debug|Any CPU
		{2B1A4D3E-9ECA-49BE-9FB8-22302B022CC0}.Debug|x64.ActiveCfg = Debug|Any CPU
		{2B1A4D3E-9ECA-49BE-9FB8-22302B022CC0}.Debug|x64.Build.0 = Debug|Any CPU
		{2B1A4D3E-9ECA-49BE-9FB8-22302B022CC0}.Debug|x86.ActiveCfg = Debug|Any CPU
		{2B1A4D3E-9ECA-49BE-9FB8-22302B022CC0}.Debug|x86.Build.0 = Debug|Any CPU
		{2B1A4D3E-9ECA-49BE-9FB8-22302B022CC0}.Release|Any CPU.ActiveCfg = Release|Any CPU
		{2B1A4D3E-9ECA-49BE-9FB8-22302B022CC0}.Release|Any CPU.Build.0 = Release|Any CPU
		{2B1A4D3E-9ECA-49BE-9FB8-22302B022CC0}.Release|x64.ActiveCfg = Release|Any CPU
		{2B1A4D3E-9ECA-49BE-9FB8-22302B022CC0}.Release|x64.Build.0 = Release|Any CPU
		{2B1A4D3E-9ECA-49BE-9FB8-22302B022CC0}.Release|x86.ActiveCfg = Release|Any CPU
		{2B1A4D3E-9ECA-49BE-9FB8-22302B022CC0}.Release|x86.Build.0 = Release|Any CPU
		{149BE965-4761-4912-992E-8CB004774B31}.Debug|Any CPU.ActiveCfg = Debug|Any CPU
		{149BE965-4761-4912-992E-8CB004774B31}.Debug|Any CPU.Build.0 = Debug|Any CPU
		{149BE965-4761-4912-992E-8CB004774B31}.Debug|x64.ActiveCfg = Debug|Any CPU
		{149BE965-4761-4912-992E-8CB004774B31}.Debug|x64.Build.0 = Debug|Any CPU
		{149BE965-4761-4912-992E-8CB004774B31}.Debug|x86.ActiveCfg = Debug|Any CPU
		{149BE965-4761-4912-992E-8CB004774B31}.Debug|x86.Build.0 = Debug|Any CPU
		{149BE965-4761-4912-992E-8CB004774B31}.Release|Any CPU.ActiveCfg = Release|Any CPU
		{149BE965-4761-4912-992E-8CB004774B31}.Release|Any CPU.Build.0 = Release|Any CPU
		{149BE965-4761-4912-992E-8CB004774B31}.Release|x64.ActiveCfg = Release|Any CPU
		{149BE965-4761-4912-992E-8CB004774B31}.Release|x64.Build.0 = Release|Any CPU
		{149BE965-4761-4912-992E-8CB004774B31}.Release|x86.ActiveCfg = Release|Any CPU
		{149BE965-4761-4912-992E-8CB004774B31}.Release|x86.Build.0 = Release|Any CPU
		{AFD97364-336F-4AED-9638-94C1C21D0C5D}.Debug|Any CPU.ActiveCfg = Debug|Any CPU
		{AFD97364-336F-4AED-9638-94C1C21D0C5D}.Debug|Any CPU.Build.0 = Debug|Any CPU
		{AFD97364-336F-4AED-9638-94C1C21D0C5D}.Debug|x64.ActiveCfg = Debug|Any CPU
		{AFD97364-336F-4AED-9638-94C1C21D0C5D}.Debug|x64.Build.0 = Debug|Any CPU
		{AFD97364-336F-4AED-9638-94C1C21D0C5D}.Debug|x86.ActiveCfg = Debug|Any CPU
		{AFD97364-336F-4AED-9638-94C1C21D0C5D}.Debug|x86.Build.0 = Debug|Any CPU
		{AFD97364-336F-4AED-9638-94C1C21D0C5D}.Release|Any CPU.ActiveCfg = Release|Any CPU
		{AFD97364-336F-4AED-9638-94C1C21D0C5D}.Release|Any CPU.Build.0 = Release|Any CPU
		{AFD97364-336F-4AED-9638-94C1C21D0C5D}.Release|x64.ActiveCfg = Release|Any CPU
		{AFD97364-336F-4AED-9638-94C1C21D0C5D}.Release|x64.Build.0 = Release|Any CPU
		{AFD97364-336F-4AED-9638-94C1C21D0C5D}.Release|x86.ActiveCfg = Release|Any CPU
		{AFD97364-336F-4AED-9638-94C1C21D0C5D}.Release|x86.Build.0 = Release|Any CPU
		{3CEE7E07-8A4F-4D4E-A458-901C5D002013}.Debug|Any CPU.ActiveCfg = Debug|Any CPU
		{3CEE7E07-8A4F-4D4E-A458-901C5D002013}.Debug|Any CPU.Build.0 = Debug|Any CPU
		{3CEE7E07-8A4F-4D4E-A458-901C5D002013}.Debug|x64.ActiveCfg = Debug|Any CPU
		{3CEE7E07-8A4F-4D4E-A458-901C5D002013}.Debug|x64.Build.0 = Debug|Any CPU
		{3CEE7E07-8A4F-4D4E-A458-901C5D002013}.Debug|x86.ActiveCfg = Debug|Any CPU
		{3CEE7E07-8A4F-4D4E-A458-901C5D002013}.Debug|x86.Build.0 = Debug|Any CPU
		{3CEE7E07-8A4F-4D4E-A458-901C5D002013}.Release|Any CPU.ActiveCfg = Release|Any CPU
		{3CEE7E07-8A4F-4D4E-A458-901C5D002013}.Release|Any CPU.Build.0 = Release|Any CPU
		{3CEE7E07-8A4F-4D4E-A458-901C5D002013}.Release|x64.ActiveCfg = Release|Any CPU
		{3CEE7E07-8A4F-4D4E-A458-901C5D002013}.Release|x64.Build.0 = Release|Any CPU
		{3CEE7E07-8A4F-4D4E-A458-901C5D002013}.Release|x86.ActiveCfg = Release|Any CPU
		{3CEE7E07-8A4F-4D4E-A458-901C5D002013}.Release|x86.Build.0 = Release|Any CPU
		{17281020-14A8-4A58-AC23-8B1CBA9C8D18}.Debug|Any CPU.ActiveCfg = Debug|Any CPU
		{17281020-14A8-4A58-AC23-8B1CBA9C8D18}.Debug|Any CPU.Build.0 = Debug|Any CPU
		{17281020-14A8-4A58-AC23-8B1CBA9C8D18}.Debug|x64.ActiveCfg = Debug|Any CPU
		{17281020-14A8-4A58-AC23-8B1CBA9C8D18}.Debug|x64.Build.0 = Debug|Any CPU
		{17281020-14A8-4A58-AC23-8B1CBA9C8D18}.Debug|x86.ActiveCfg = Debug|Any CPU
		{17281020-14A8-4A58-AC23-8B1CBA9C8D18}.Debug|x86.Build.0 = Debug|Any CPU
		{17281020-14A8-4A58-AC23-8B1CBA9C8D18}.Release|Any CPU.ActiveCfg = Release|Any CPU
		{17281020-14A8-4A58-AC23-8B1CBA9C8D18}.Release|Any CPU.Build.0 = Release|Any CPU
		{17281020-14A8-4A58-AC23-8B1CBA9C8D18}.Release|x64.ActiveCfg = Release|Any CPU
		{17281020-14A8-4A58-AC23-8B1CBA9C8D18}.Release|x64.Build.0 = Release|Any CPU
		{17281020-14A8-4A58-AC23-8B1CBA9C8D18}.Release|x86.ActiveCfg = Release|Any CPU
		{17281020-14A8-4A58-AC23-8B1CBA9C8D18}.Release|x86.Build.0 = Release|Any CPU
		{9E16BCEF-2440-46B0-AF2E-0E726AF9FC86}.Debug|Any CPU.ActiveCfg = Debug|Any CPU
		{9E16BCEF-2440-46B0-AF2E-0E726AF9FC86}.Debug|Any CPU.Build.0 = Debug|Any CPU
		{9E16BCEF-2440-46B0-AF2E-0E726AF9FC86}.Debug|x64.ActiveCfg = Debug|Any CPU
		{9E16BCEF-2440-46B0-AF2E-0E726AF9FC86}.Debug|x64.Build.0 = Debug|Any CPU
		{9E16BCEF-2440-46B0-AF2E-0E726AF9FC86}.Debug|x86.ActiveCfg = Debug|Any CPU
		{9E16BCEF-2440-46B0-AF2E-0E726AF9FC86}.Debug|x86.Build.0 = Debug|Any CPU
		{9E16BCEF-2440-46B0-AF2E-0E726AF9FC86}.Release|Any CPU.ActiveCfg = Release|Any CPU
		{9E16BCEF-2440-46B0-AF2E-0E726AF9FC86}.Release|Any CPU.Build.0 = Release|Any CPU
		{9E16BCEF-2440-46B0-AF2E-0E726AF9FC86}.Release|x64.ActiveCfg = Release|Any CPU
		{9E16BCEF-2440-46B0-AF2E-0E726AF9FC86}.Release|x64.Build.0 = Release|Any CPU
		{9E16BCEF-2440-46B0-AF2E-0E726AF9FC86}.Release|x86.ActiveCfg = Release|Any CPU
		{9E16BCEF-2440-46B0-AF2E-0E726AF9FC86}.Release|x86.Build.0 = Release|Any CPU
		{EFE595FC-938B-4BC7-B1BF-772309325524}.Debug|Any CPU.ActiveCfg = Debug|Any CPU
		{EFE595FC-938B-4BC7-B1BF-772309325524}.Debug|Any CPU.Build.0 = Debug|Any CPU
		{EFE595FC-938B-4BC7-B1BF-772309325524}.Debug|x64.ActiveCfg = Debug|Any CPU
		{EFE595FC-938B-4BC7-B1BF-772309325524}.Debug|x64.Build.0 = Debug|Any CPU
		{EFE595FC-938B-4BC7-B1BF-772309325524}.Debug|x86.ActiveCfg = Debug|Any CPU
		{EFE595FC-938B-4BC7-B1BF-772309325524}.Debug|x86.Build.0 = Debug|Any CPU
		{EFE595FC-938B-4BC7-B1BF-772309325524}.Release|Any CPU.ActiveCfg = Release|Any CPU
		{EFE595FC-938B-4BC7-B1BF-772309325524}.Release|Any CPU.Build.0 = Release|Any CPU
		{EFE595FC-938B-4BC7-B1BF-772309325524}.Release|x64.ActiveCfg = Release|Any CPU
		{EFE595FC-938B-4BC7-B1BF-772309325524}.Release|x64.Build.0 = Release|Any CPU
		{EFE595FC-938B-4BC7-B1BF-772309325524}.Release|x86.ActiveCfg = Release|Any CPU
		{EFE595FC-938B-4BC7-B1BF-772309325524}.Release|x86.Build.0 = Release|Any CPU
	EndGlobalSection
	GlobalSection(SolutionProperties) = preSolution
		HideSolutionNode = FALSE
	EndGlobalSection
	GlobalSection(NestedProjects) = preSolution
		{B9692DB6-9C23-4C46-9E39-FFEE1770946E} = {174AEC4C-7ED6-451D-B20B-6E0CDAAB974C}
		{159A67AD-9372-4A95-A9B8-FD15C59A7AB0} = {174AEC4C-7ED6-451D-B20B-6E0CDAAB974C}
		{449E5D49-B46A-40BB-9FB3-12589123F450} = {174AEC4C-7ED6-451D-B20B-6E0CDAAB974C}
		{5785129A-79DC-4E9B-A43B-BE6E18FE65B2} = {174AEC4C-7ED6-451D-B20B-6E0CDAAB974C}
		{B9C9B4EF-4AE9-4BCB-BEBC-BE34B5765F4F} = {174AEC4C-7ED6-451D-B20B-6E0CDAAB974C}
		{5F9E36BF-5B96-45C9-A833-1592644BC213} = {174AEC4C-7ED6-451D-B20B-6E0CDAAB974C}
		{60930B0F-BABA-48F8-ABD8-EC926156C83A} = {815D80F1-40C8-4F48-B771-E30521841EE5}
		{3FBE5988-4DB9-41CE-A9A9-B41B37CEC184} = {8571F3F1-8341-4ED5-957B-2526B94AACEF}
		{95F16B8E-FDE5-4770-BF1D-07D9915C00C0} = {8571F3F1-8341-4ED5-957B-2526B94AACEF}
		{9A22B208-94DC-4FA8-B455-12257E37B698} = {8571F3F1-8341-4ED5-957B-2526B94AACEF}
		{50ACC3A4-C741-42E6-B2CC-A7134884CA7F} = {8571F3F1-8341-4ED5-957B-2526B94AACEF}
		{19D131E2-C77C-422B-9559-739FAF6293C2} = {8571F3F1-8341-4ED5-957B-2526B94AACEF}
		{34242C17-666A-425F-9038-95387D8E7C41} = {CE2EE0D2-6946-4E63-B767-5862938691F8}
		{4ADA67E2-6AD9-4E57-A03E-FB09EB3D0AC6} = {CE2EE0D2-6946-4E63-B767-5862938691F8}
		{E9C7617C-6B77-4F89-A0CF-9FC5E7B042F7} = {CE2EE0D2-6946-4E63-B767-5862938691F8}
		{BE303903-1C20-46EA-A1E1-3E4D587FCD4C} = {174AEC4C-7ED6-451D-B20B-6E0CDAAB974C}
		{5E201B09-B51B-4DE6-92B9-76BEBEEA7CE6} = {174AEC4C-7ED6-451D-B20B-6E0CDAAB974C}
		{2B1A4D3E-9ECA-49BE-9FB8-22302B022CC0} = {174AEC4C-7ED6-451D-B20B-6E0CDAAB974C}
		{149BE965-4761-4912-992E-8CB004774B31} = {174AEC4C-7ED6-451D-B20B-6E0CDAAB974C}
		{AFD97364-336F-4AED-9638-94C1C21D0C5D} = {174AEC4C-7ED6-451D-B20B-6E0CDAAB974C}
		{3CEE7E07-8A4F-4D4E-A458-901C5D002013} = {D86FC090-64CD-4E92-9481-7E7503DF4510}
		{17281020-14A8-4A58-AC23-8B1CBA9C8D18} = {174AEC4C-7ED6-451D-B20B-6E0CDAAB974C}
		{9E16BCEF-2440-46B0-AF2E-0E726AF9FC86} = {174AEC4C-7ED6-451D-B20B-6E0CDAAB974C}
		{EFE595FC-938B-4BC7-B1BF-772309325524} = {61A31766-C1F9-49FC-82AB-0533A43BB613}
	EndGlobalSection
	GlobalSection(ExtensibilityGlobals) = postSolution
		SolutionGuid = {BC427DB1-0048-464D-9268-15B23E091ED6}
	EndGlobalSection
EndGlobal
