
Microsoft Visual Studio Solution File, Format Version 12.00
# Visual Studio 2013
VisualStudioVersion = 12.0.30501.0
MinimumVisualStudioVersion = 10.0.40219.1
Project("{FAE04EC0-301F-11D3-BF4B-00C04F79EFBC}") = "ConsoleApp", "ConsoleApp\ConsoleApp.csproj", "{3599B6B9-7D2F-48D2-B1B1-19B8CFBE4F94}"
EndProject
Project("{FAE04EC0-301F-11D3-BF4B-00C04F79EFBC}") = "AttributeLib", "AttributeClass\AttributeLib.csproj", "{50318601-D71F-4B25-8301-9B427C72375D}"
EndProject
Project("{FAE04EC0-301F-11D3-BF4B-00C04F79EFBC}") = "ModelLib", "ModelLib\ModelLib.csproj", "{6BCC362D-9319-4B73-A121-C09B6C94116D}"
EndProject
Project("{FAE04EC0-301F-11D3-BF4B-00C04F79EFBC}") = "InterfaceLib", "InterfaceLib\InterfaceLib.csproj", "{04ACC0EA-ABCF-4194-9821-AB1CA14FFDF6}"
EndProject
Project("{FAE04EC0-301F-11D3-BF4B-00C04F79EFBC}") = "AbstractLib", "AbstractLib\AbstractLib.csproj", "{B4DA96F1-E673-4D8B-9FAC-E3DC161DC4CC}"
EndProject
Project("{2150E333-8FDC-42A3-9474-1A3956D46DE8}") = "Doc", "Doc", "{14F105EF-F72B-4CB4-9886-7EAC1E4EF3DB}"
	ProjectSection(SolutionItems) = preProject
		Doc\说明.txt = Doc\说明.txt
	EndProjectSection
EndProject
Project("{FAE04EC0-301F-11D3-BF4B-00C04F79EFBC}") = "ExtendLib", "ExtendLib\ExtendLib.csproj", "{375BCBC1-AF9D-4DAC-A55E-15585A23BC23}"
EndProject
Project("{FAE04EC0-301F-11D3-BF4B-00C04F79EFBC}") = "Reflection", "Reflection\Reflection.csproj", "{20A6C7A9-B099-464C-8BA6-954D2A02A343}"
EndProject
Project("{FAE04EC0-301F-11D3-BF4B-00C04F79EFBC}") = "GenericLib", "Generic\GenericLib.csproj", "{6E4ED1C2-9751-4DDE-A49C-2819AFD29D05}"
EndProject
Project("{FAE04EC0-301F-11D3-BF4B-00C04F79EFBC}") = "ExpressionLib", "ExpressionLib\ExpressionLib.csproj", "{CD817F13-569A-4390-B9AD-864CB079EDB5}"
EndProject
Project("{2150E333-8FDC-42A3-9474-1A3956D46DE8}") = "Tool", "Tool", "{174AEC4C-7ED6-451D-B20B-6E0CDAAB974C}"
EndProject
Project("{FAE04EC0-301F-11D3-BF4B-00C04F79EFBC}") = "IOSerialize", "IOSerialize\IOSerialize.csproj", "{B9692DB6-9C23-4C46-9E39-FFEE1770946E}"
EndProject
Project("{FAE04EC0-301F-11D3-BF4B-00C04F79EFBC}") = "Thirdlibrary", "Tool\Thirdlibrary\Thirdlibrary.csproj", "{159A67AD-9372-4A95-A9B8-FD15C59A7AB0}"
EndProject
Project("{FAE04EC0-301F-11D3-BF4B-00C04F79EFBC}") = "ExampleLib", "Tool\ExampleLib\ExampleLib.csproj", "{449E5D49-B46A-40BB-9FB3-12589123F450}"
EndProject
Project("{FAE04EC0-301F-11D3-BF4B-00C04F79EFBC}") = "RegexApp", "Tool\RegexApp\RegexApp.csproj", "{5785129A-79DC-4E9B-A43B-BE6E18FE65B2}"
EndProject
Project("{FAE04EC0-301F-11D3-BF4B-00C04F79EFBC}") = "TesseractApp", "Tool\TesseractApp\TesseractApp.csproj", "{B9C9B4EF-4AE9-4BCB-BEBC-BE34B5765F4F}"
EndProject
Project("{FAE04EC0-301F-11D3-BF4B-00C04F79EFBC}") = "CameraApp", "Tool\CameraApp\CameraApp.csproj", "{5F9E36BF-5B96-45C9-A833-1592644BC213}"
EndProject
Project("{2150E333-8FDC-42A3-9474-1A3956D46DE8}") = "CloudCode", "CloudCode", "{815D80F1-40C8-4F48-B771-E30521841EE5}"
EndProject
Project("{FAE04EC0-301F-11D3-BF4B-00C04F79EFBC}") = "DependencyInjection", "CloudCode\DependencyInjection\DependencyInjection.csproj", "{60930B0F-BABA-48F8-ABD8-EC926156C83A}"
EndProject
Project("{2150E333-8FDC-42A3-9474-1A3956D46DE8}") = "Mqtt", "Mqtt", "{8571F3F1-8341-4ED5-957B-2526B94AACEF}"
EndProject
Project("{FAE04EC0-301F-11D3-BF4B-00C04F79EFBC}") = "MqttConsole", "Mqtt\MqttConsole\MqttConsole.csproj", "{3FBE5988-4DB9-41CE-A9A9-B41B37CEC184}"
EndProject
Project("{FAE04EC0-301F-11D3-BF4B-00C04F79EFBC}") = "Paho.MqttDotnet", "Mqtt\Paho.MqttDotnet\Paho.MqttDonet\Paho.MqttDotnet.csproj", "{95F16B8E-FDE5-4770-BF1D-07D9915C00C0}"
EndProject
Project("{FAE04EC0-301F-11D3-BF4B-00C04F79EFBC}") = "Mqtt.NetWorking", "Mqtt\Mqtt.NetWorking\Mqtt.NetWorking.csproj", "{9A22B208-94DC-4FA8-B455-12257E37B698}"
EndProject
Project("{FAE04EC0-301F-11D3-BF4B-00C04F79EFBC}") = "Mqtt.Common", "Mqtt\Mqtt.Common\Mqtt.Common.csproj", "{50ACC3A4-C741-42E6-B2CC-A7134884CA7F}"
EndProject
Project("{FAE04EC0-301F-11D3-BF4B-00C04F79EFBC}") = "Mqtt.Redis", "Mqtt\Mqtt.Redis\Mqtt.Redis.csproj", "{19D131E2-C77C-422B-9559-739FAF6293C2}"
EndProject
Project("{FAE04EC0-301F-11D3-BF4B-00C04F79EFBC}") = "PlugsLib", "PlugsLib\PlugsLib.csproj", "{7C228D04-E2A6-4028-9C74-C1C5EA381715}"
EndProject
Project("{FAE04EC0-301F-11D3-BF4B-00C04F79EFBC}") = "Observable", "Observable\Observable.csproj", "{7D2410D0-DBBD-4556-815A-F58BAF9C19FC}"
EndProject
Project("{FAE04EC0-301F-11D3-BF4B-00C04F79EFBC}") = "MqMiddleware", "MqMiddleware\MqMiddleware.csproj", "{C47AC318-A34B-4F6B-AC63-81E64D211DE0}"
EndProject
Global
	GlobalSection(SolutionConfigurationPlatforms) = preSolution
		Debug|Any CPU = Debug|Any CPU
		Debug|x86 = Debug|x86
		Release|Any CPU = Release|Any CPU
		Release|x86 = Release|x86
	EndGlobalSection
	GlobalSection(ProjectConfigurationPlatforms) = postSolution
		{3599B6B9-7D2F-48D2-B1B1-19B8CFBE4F94}.Debug|Any CPU.ActiveCfg = Debug|Any CPU
		{3599B6B9-7D2F-48D2-B1B1-19B8CFBE4F94}.Debug|Any CPU.Build.0 = Debug|Any CPU
		{3599B6B9-7D2F-48D2-B1B1-19B8CFBE4F94}.Debug|x86.ActiveCfg = Debug|Any CPU
		{3599B6B9-7D2F-48D2-B1B1-19B8CFBE4F94}.Release|Any CPU.ActiveCfg = Release|Any CPU
		{3599B6B9-7D2F-48D2-B1B1-19B8CFBE4F94}.Release|Any CPU.Build.0 = Release|Any CPU
		{3599B6B9-7D2F-48D2-B1B1-19B8CFBE4F94}.Release|x86.ActiveCfg = Release|Any CPU
		{50318601-D71F-4B25-8301-9B427C72375D}.Debug|Any CPU.ActiveCfg = Debug|Any CPU
		{50318601-D71F-4B25-8301-9B427C72375D}.Debug|Any CPU.Build.0 = Debug|Any CPU
		{50318601-D71F-4B25-8301-9B427C72375D}.Debug|x86.ActiveCfg = Debug|Any CPU
		{50318601-D71F-4B25-8301-9B427C72375D}.Release|Any CPU.ActiveCfg = Release|Any CPU
		{50318601-D71F-4B25-8301-9B427C72375D}.Release|Any CPU.Build.0 = Release|Any CPU
		{50318601-D71F-4B25-8301-9B427C72375D}.Release|x86.ActiveCfg = Release|Any CPU
		{6BCC362D-9319-4B73-A121-C09B6C94116D}.Debug|Any CPU.ActiveCfg = Debug|Any CPU
		{6BCC362D-9319-4B73-A121-C09B6C94116D}.Debug|Any CPU.Build.0 = Debug|Any CPU
		{6BCC362D-9319-4B73-A121-C09B6C94116D}.Debug|x86.ActiveCfg = Debug|Any CPU
		{6BCC362D-9319-4B73-A121-C09B6C94116D}.Release|Any CPU.ActiveCfg = Release|Any CPU
		{6BCC362D-9319-4B73-A121-C09B6C94116D}.Release|Any CPU.Build.0 = Release|Any CPU
		{6BCC362D-9319-4B73-A121-C09B6C94116D}.Release|x86.ActiveCfg = Release|Any CPU
		{04ACC0EA-ABCF-4194-9821-AB1CA14FFDF6}.Debug|Any CPU.ActiveCfg = Debug|Any CPU
		{04ACC0EA-ABCF-4194-9821-AB1CA14FFDF6}.Debug|Any CPU.Build.0 = Debug|Any CPU
		{04ACC0EA-ABCF-4194-9821-AB1CA14FFDF6}.Debug|x86.ActiveCfg = Debug|Any CPU
		{04ACC0EA-ABCF-4194-9821-AB1CA14FFDF6}.Release|Any CPU.ActiveCfg = Release|Any CPU
		{04ACC0EA-ABCF-4194-9821-AB1CA14FFDF6}.Release|Any CPU.Build.0 = Release|Any CPU
		{04ACC0EA-ABCF-4194-9821-AB1CA14FFDF6}.Release|x86.ActiveCfg = Release|Any CPU
		{B4DA96F1-E673-4D8B-9FAC-E3DC161DC4CC}.Debug|Any CPU.ActiveCfg = Debug|Any CPU
		{B4DA96F1-E673-4D8B-9FAC-E3DC161DC4CC}.Debug|Any CPU.Build.0 = Debug|Any CPU
		{B4DA96F1-E673-4D8B-9FAC-E3DC161DC4CC}.Debug|x86.ActiveCfg = Debug|Any CPU
		{B4DA96F1-E673-4D8B-9FAC-E3DC161DC4CC}.Release|Any CPU.ActiveCfg = Release|Any CPU
		{B4DA96F1-E673-4D8B-9FAC-E3DC161DC4CC}.Release|Any CPU.Build.0 = Release|Any CPU
		{B4DA96F1-E673-4D8B-9FAC-E3DC161DC4CC}.Release|x86.ActiveCfg = Release|Any CPU
		{375BCBC1-AF9D-4DAC-A55E-15585A23BC23}.Debug|Any CPU.ActiveCfg = Debug|Any CPU
		{375BCBC1-AF9D-4DAC-A55E-15585A23BC23}.Debug|Any CPU.Build.0 = Debug|Any CPU
		{375BCBC1-AF9D-4DAC-A55E-15585A23BC23}.Debug|x86.ActiveCfg = Debug|Any CPU
		{375BCBC1-AF9D-4DAC-A55E-15585A23BC23}.Release|Any CPU.ActiveCfg = Release|Any CPU
		{375BCBC1-AF9D-4DAC-A55E-15585A23BC23}.Release|Any CPU.Build.0 = Release|Any CPU
		{375BCBC1-AF9D-4DAC-A55E-15585A23BC23}.Release|x86.ActiveCfg = Release|Any CPU
		{20A6C7A9-B099-464C-8BA6-954D2A02A343}.Debug|Any CPU.ActiveCfg = Debug|Any CPU
		{20A6C7A9-B099-464C-8BA6-954D2A02A343}.Debug|Any CPU.Build.0 = Debug|Any CPU
		{20A6C7A9-B099-464C-8BA6-954D2A02A343}.Debug|x86.ActiveCfg = Debug|Any CPU
		{20A6C7A9-B099-464C-8BA6-954D2A02A343}.Release|Any CPU.ActiveCfg = Release|Any CPU
		{20A6C7A9-B099-464C-8BA6-954D2A02A343}.Release|Any CPU.Build.0 = Release|Any CPU
		{20A6C7A9-B099-464C-8BA6-954D2A02A343}.Release|x86.ActiveCfg = Release|Any CPU
		{6E4ED1C2-9751-4DDE-A49C-2819AFD29D05}.Debug|Any CPU.ActiveCfg = Debug|Any CPU
		{6E4ED1C2-9751-4DDE-A49C-2819AFD29D05}.Debug|Any CPU.Build.0 = Debug|Any CPU
		{6E4ED1C2-9751-4DDE-A49C-2819AFD29D05}.Debug|x86.ActiveCfg = Debug|Any CPU
		{6E4ED1C2-9751-4DDE-A49C-2819AFD29D05}.Release|Any CPU.ActiveCfg = Release|Any CPU
		{6E4ED1C2-9751-4DDE-A49C-2819AFD29D05}.Release|Any CPU.Build.0 = Release|Any CPU
		{6E4ED1C2-9751-4DDE-A49C-2819AFD29D05}.Release|x86.ActiveCfg = Release|Any CPU
		{CD817F13-569A-4390-B9AD-864CB079EDB5}.Debug|Any CPU.ActiveCfg = Debug|Any CPU
		{CD817F13-569A-4390-B9AD-864CB079EDB5}.Debug|Any CPU.Build.0 = Debug|Any CPU
		{CD817F13-569A-4390-B9AD-864CB079EDB5}.Debug|x86.ActiveCfg = Debug|Any CPU
		{CD817F13-569A-4390-B9AD-864CB079EDB5}.Release|Any CPU.ActiveCfg = Release|Any CPU
		{CD817F13-569A-4390-B9AD-864CB079EDB5}.Release|Any CPU.Build.0 = Release|Any CPU
		{CD817F13-569A-4390-B9AD-864CB079EDB5}.Release|x86.ActiveCfg = Release|Any CPU
		{B9692DB6-9C23-4C46-9E39-FFEE1770946E}.Debug|Any CPU.ActiveCfg = Debug|Any CPU
		{B9692DB6-9C23-4C46-9E39-FFEE1770946E}.Debug|Any CPU.Build.0 = Debug|Any CPU
		{B9692DB6-9C23-4C46-9E39-FFEE1770946E}.Debug|x86.ActiveCfg = Debug|Any CPU
		{B9692DB6-9C23-4C46-9E39-FFEE1770946E}.Release|Any CPU.ActiveCfg = Release|Any CPU
		{B9692DB6-9C23-4C46-9E39-FFEE1770946E}.Release|Any CPU.Build.0 = Release|Any CPU
		{B9692DB6-9C23-4C46-9E39-FFEE1770946E}.Release|x86.ActiveCfg = Release|Any CPU
		{159A67AD-9372-4A95-A9B8-FD15C59A7AB0}.Debug|Any CPU.ActiveCfg = Debug|Any CPU
		{159A67AD-9372-4A95-A9B8-FD15C59A7AB0}.Debug|Any CPU.Build.0 = Debug|Any CPU
		{159A67AD-9372-4A95-A9B8-FD15C59A7AB0}.Debug|x86.ActiveCfg = Debug|Any CPU
		{159A67AD-9372-4A95-A9B8-FD15C59A7AB0}.Release|Any CPU.ActiveCfg = Release|Any CPU
		{159A67AD-9372-4A95-A9B8-FD15C59A7AB0}.Release|Any CPU.Build.0 = Release|Any CPU
		{159A67AD-9372-4A95-A9B8-FD15C59A7AB0}.Release|x86.ActiveCfg = Release|Any CPU
		{449E5D49-B46A-40BB-9FB3-12589123F450}.Debug|Any CPU.ActiveCfg = Debug|Any CPU
		{449E5D49-B46A-40BB-9FB3-12589123F450}.Debug|Any CPU.Build.0 = Debug|Any CPU
		{449E5D49-B46A-40BB-9FB3-12589123F450}.Debug|x86.ActiveCfg = Debug|Any CPU
		{449E5D49-B46A-40BB-9FB3-12589123F450}.Release|Any CPU.ActiveCfg = Release|Any CPU
		{449E5D49-B46A-40BB-9FB3-12589123F450}.Release|Any CPU.Build.0 = Release|Any CPU
		{449E5D49-B46A-40BB-9FB3-12589123F450}.Release|x86.ActiveCfg = Release|Any CPU
		{5785129A-79DC-4E9B-A43B-BE6E18FE65B2}.Debug|Any CPU.ActiveCfg = Debug|Any CPU
		{5785129A-79DC-4E9B-A43B-BE6E18FE65B2}.Debug|Any CPU.Build.0 = Debug|Any CPU
		{5785129A-79DC-4E9B-A43B-BE6E18FE65B2}.Debug|x86.ActiveCfg = Debug|Any CPU
		{5785129A-79DC-4E9B-A43B-BE6E18FE65B2}.Release|Any CPU.ActiveCfg = Release|Any CPU
		{5785129A-79DC-4E9B-A43B-BE6E18FE65B2}.Release|Any CPU.Build.0 = Release|Any CPU
		{5785129A-79DC-4E9B-A43B-BE6E18FE65B2}.Release|x86.ActiveCfg = Release|Any CPU
		{B9C9B4EF-4AE9-4BCB-BEBC-BE34B5765F4F}.Debug|Any CPU.ActiveCfg = Debug|Any CPU
		{B9C9B4EF-4AE9-4BCB-BEBC-BE34B5765F4F}.Debug|Any CPU.Build.0 = Debug|Any CPU
		{B9C9B4EF-4AE9-4BCB-BEBC-BE34B5765F4F}.Debug|x86.ActiveCfg = Debug|Any CPU
		{B9C9B4EF-4AE9-4BCB-BEBC-BE34B5765F4F}.Release|Any CPU.ActiveCfg = Release|Any CPU
		{B9C9B4EF-4AE9-4BCB-BEBC-BE34B5765F4F}.Release|Any CPU.Build.0 = Release|Any CPU
		{B9C9B4EF-4AE9-4BCB-BEBC-BE34B5765F4F}.Release|x86.ActiveCfg = Release|Any CPU
		{5F9E36BF-5B96-45C9-A833-1592644BC213}.Debug|Any CPU.ActiveCfg = Debug|Any CPU
		{5F9E36BF-5B96-45C9-A833-1592644BC213}.Debug|Any CPU.Build.0 = Debug|Any CPU
		{5F9E36BF-5B96-45C9-A833-1592644BC213}.Debug|x86.ActiveCfg = Debug|Any CPU
		{5F9E36BF-5B96-45C9-A833-1592644BC213}.Release|Any CPU.ActiveCfg = Release|Any CPU
		{5F9E36BF-5B96-45C9-A833-1592644BC213}.Release|Any CPU.Build.0 = Release|Any CPU
		{5F9E36BF-5B96-45C9-A833-1592644BC213}.Release|x86.ActiveCfg = Release|Any CPU
		{60930B0F-BABA-48F8-ABD8-EC926156C83A}.Debug|Any CPU.ActiveCfg = Debug|Any CPU
		{60930B0F-BABA-48F8-ABD8-EC926156C83A}.Debug|Any CPU.Build.0 = Debug|Any CPU
		{60930B0F-BABA-48F8-ABD8-EC926156C83A}.Debug|x86.ActiveCfg = Debug|Any CPU
		{60930B0F-BABA-48F8-ABD8-EC926156C83A}.Release|Any CPU.ActiveCfg = Release|Any CPU
		{60930B0F-BABA-48F8-ABD8-EC926156C83A}.Release|Any CPU.Build.0 = Release|Any CPU
		{60930B0F-BABA-48F8-ABD8-EC926156C83A}.Release|x86.ActiveCfg = Release|Any CPU
		{3FBE5988-4DB9-41CE-A9A9-B41B37CEC184}.Debug|Any CPU.ActiveCfg = Debug|Any CPU
		{3FBE5988-4DB9-41CE-A9A9-B41B37CEC184}.Debug|Any CPU.Build.0 = Debug|Any CPU
		{3FBE5988-4DB9-41CE-A9A9-B41B37CEC184}.Debug|x86.ActiveCfg = Debug|Any CPU
		{3FBE5988-4DB9-41CE-A9A9-B41B37CEC184}.Release|Any CPU.ActiveCfg = Release|Any CPU
		{3FBE5988-4DB9-41CE-A9A9-B41B37CEC184}.Release|Any CPU.Build.0 = Release|Any CPU
		{3FBE5988-4DB9-41CE-A9A9-B41B37CEC184}.Release|x86.ActiveCfg = Release|Any CPU
		{95F16B8E-FDE5-4770-BF1D-07D9915C00C0}.Debug|Any CPU.ActiveCfg = Debug|Any CPU
		{95F16B8E-FDE5-4770-BF1D-07D9915C00C0}.Debug|Any CPU.Build.0 = Debug|Any CPU
		{95F16B8E-FDE5-4770-BF1D-07D9915C00C0}.Debug|x86.ActiveCfg = Debug|x86
		{95F16B8E-FDE5-4770-BF1D-07D9915C00C0}.Debug|x86.Build.0 = Debug|x86
		{95F16B8E-FDE5-4770-BF1D-07D9915C00C0}.Release|Any CPU.ActiveCfg = Release|Any CPU
		{95F16B8E-FDE5-4770-BF1D-07D9915C00C0}.Release|Any CPU.Build.0 = Release|Any CPU
		{95F16B8E-FDE5-4770-BF1D-07D9915C00C0}.Release|x86.ActiveCfg = Release|x86
		{95F16B8E-FDE5-4770-BF1D-07D9915C00C0}.Release|x86.Build.0 = Release|x86
		{9A22B208-94DC-4FA8-B455-12257E37B698}.Debug|Any CPU.ActiveCfg = Debug|Any CPU
		{9A22B208-94DC-4FA8-B455-12257E37B698}.Debug|Any CPU.Build.0 = Debug|Any CPU
		{9A22B208-94DC-4FA8-B455-12257E37B698}.Debug|x86.ActiveCfg = Debug|Any CPU
		{9A22B208-94DC-4FA8-B455-12257E37B698}.Release|Any CPU.ActiveCfg = Release|Any CPU
		{9A22B208-94DC-4FA8-B455-12257E37B698}.Release|Any CPU.Build.0 = Release|Any CPU
		{9A22B208-94DC-4FA8-B455-12257E37B698}.Release|x86.ActiveCfg = Release|Any CPU
		{50ACC3A4-C741-42E6-B2CC-A7134884CA7F}.Debug|Any CPU.ActiveCfg = Debug|Any CPU
		{50ACC3A4-C741-42E6-B2CC-A7134884CA7F}.Debug|Any CPU.Build.0 = Debug|Any CPU
		{50ACC3A4-C741-42E6-B2CC-A7134884CA7F}.Debug|x86.ActiveCfg = Debug|Any CPU
		{50ACC3A4-C741-42E6-B2CC-A7134884CA7F}.Release|Any CPU.ActiveCfg = Release|Any CPU
		{50ACC3A4-C741-42E6-B2CC-A7134884CA7F}.Release|Any CPU.Build.0 = Release|Any CPU
		{50ACC3A4-C741-42E6-B2CC-A7134884CA7F}.Release|x86.ActiveCfg = Release|Any CPU
		{19D131E2-C77C-422B-9559-739FAF6293C2}.Debug|Any CPU.ActiveCfg = Debug|Any CPU
		{19D131E2-C77C-422B-9559-739FAF6293C2}.Debug|Any CPU.Build.0 = Debug|Any CPU
		{19D131E2-C77C-422B-9559-739FAF6293C2}.Debug|x86.ActiveCfg = Debug|Any CPU
		{19D131E2-C77C-422B-9559-739FAF6293C2}.Release|Any CPU.ActiveCfg = Release|Any CPU
		{19D131E2-C77C-422B-9559-739FAF6293C2}.Release|Any CPU.Build.0 = Release|Any CPU
		{19D131E2-C77C-422B-9559-739FAF6293C2}.Release|x86.ActiveCfg = Release|Any CPU
		{7C228D04-E2A6-4028-9C74-C1C5EA381715}.Debug|Any CPU.ActiveCfg = Debug|Any CPU
		{7C228D04-E2A6-4028-9C74-C1C5EA381715}.Debug|Any CPU.Build.0 = Debug|Any CPU
		{7C228D04-E2A6-4028-9C74-C1C5EA381715}.Debug|x86.ActiveCfg = Debug|Any CPU
		{7C228D04-E2A6-4028-9C74-C1C5EA381715}.Release|Any CPU.ActiveCfg = Release|Any CPU
		{7C228D04-E2A6-4028-9C74-C1C5EA381715}.Release|Any CPU.Build.0 = Release|Any CPU
		{7C228D04-E2A6-4028-9C74-C1C5EA381715}.Release|x86.ActiveCfg = Release|Any CPU
		{7D2410D0-DBBD-4556-815A-F58BAF9C19FC}.Debug|Any CPU.ActiveCfg = Debug|Any CPU
		{7D2410D0-DBBD-4556-815A-F58BAF9C19FC}.Debug|Any CPU.Build.0 = Debug|Any CPU
		{7D2410D0-DBBD-4556-815A-F58BAF9C19FC}.Debug|x86.ActiveCfg = Debug|Any CPU
		{7D2410D0-DBBD-4556-815A-F58BAF9C19FC}.Release|Any CPU.ActiveCfg = Release|Any CPU
		{7D2410D0-DBBD-4556-815A-F58BAF9C19FC}.Release|Any CPU.Build.0 = Release|Any CPU
		{7D2410D0-DBBD-4556-815A-F58BAF9C19FC}.Release|x86.ActiveCfg = Release|Any CPU
		{C47AC318-A34B-4F6B-AC63-81E64D211DE0}.Debug|Any CPU.ActiveCfg = Debug|Any CPU
		{C47AC318-A34B-4F6B-AC63-81E64D211DE0}.Debug|Any CPU.Build.0 = Debug|Any CPU
		{C47AC318-A34B-4F6B-AC63-81E64D211DE0}.Debug|x86.ActiveCfg = Debug|Any CPU
		{C47AC318-A34B-4F6B-AC63-81E64D211DE0}.Release|Any CPU.ActiveCfg = Release|Any CPU
		{C47AC318-A34B-4F6B-AC63-81E64D211DE0}.Release|Any CPU.Build.0 = Release|Any CPU
		{C47AC318-A34B-4F6B-AC63-81E64D211DE0}.Release|x86.ActiveCfg = Release|Any CPU
	EndGlobalSection
	GlobalSection(SolutionProperties) = preSolution
		HideSolutionNode = FALSE
	EndGlobalSection
	GlobalSection(NestedProjects) = preSolution
		{B9692DB6-9C23-4C46-9E39-FFEE1770946E} = {174AEC4C-7ED6-451D-B20B-6E0CDAAB974C}
		{159A67AD-9372-4A95-A9B8-FD15C59A7AB0} = {174AEC4C-7ED6-451D-B20B-6E0CDAAB974C}
		{449E5D49-B46A-40BB-9FB3-12589123F450} = {174AEC4C-7ED6-451D-B20B-6E0CDAAB974C}
		{5785129A-79DC-4E9B-A43B-BE6E18FE65B2} = {174AEC4C-7ED6-451D-B20B-6E0CDAAB974C}
		{B9C9B4EF-4AE9-4BCB-BEBC-BE34B5765F4F} = {174AEC4C-7ED6-451D-B20B-6E0CDAAB974C}
		{5F9E36BF-5B96-45C9-A833-1592644BC213} = {174AEC4C-7ED6-451D-B20B-6E0CDAAB974C}
		{60930B0F-BABA-48F8-ABD8-EC926156C83A} = {815D80F1-40C8-4F48-B771-E30521841EE5}
		{3FBE5988-4DB9-41CE-A9A9-B41B37CEC184} = {8571F3F1-8341-4ED5-957B-2526B94AACEF}
		{95F16B8E-FDE5-4770-BF1D-07D9915C00C0} = {8571F3F1-8341-4ED5-957B-2526B94AACEF}
		{9A22B208-94DC-4FA8-B455-12257E37B698} = {8571F3F1-8341-4ED5-957B-2526B94AACEF}
		{50ACC3A4-C741-42E6-B2CC-A7134884CA7F} = {8571F3F1-8341-4ED5-957B-2526B94AACEF}
		{19D131E2-C77C-422B-9559-739FAF6293C2} = {8571F3F1-8341-4ED5-957B-2526B94AACEF}
		{7C228D04-E2A6-4028-9C74-C1C5EA381715} = {174AEC4C-7ED6-451D-B20B-6E0CDAAB974C}
	EndGlobalSection
EndGlobal
